<?xml version="1.0" encoding="utf-8"?>
<Project ToolsVersion="4.0" xmlns="http://schemas.microsoft.com/developer/msbuild/2003">
  <ItemGroup>
    <Filter Include="Render">
      <UniqueIdentifier>{5bb463c7-3853-4849-bb74-0cd23cc7641e}</UniqueIdentifier>
    </Filter>
    <Filter Include="WindowInput">
      <UniqueIdentifier>{13b97dbe-f251-4379-b430-d0887a2c5be8}</UniqueIdentifier>
    </Filter>
    <Filter Include="Sound">
      <UniqueIdentifier>{b0e1795a-f2fa-473d-a3d1-36accca14485}</UniqueIdentifier>
    </Filter>
  </ItemGroup>
  <ItemGroup>
    <ClCompile Include="$(MSBuildThisFileDirectory)..\source\Application\MainWindow.cpp" />
    <ClCompile Include="$(MSBuildThisFileDirectory)..\source\Application\main.cpp" />
    <ClCompile Include="$(MSBuildThisFileDirectory)..\source\Application\Sound.cpp">
      <Filter>Sound</Filter>
    </ClCompile>
    <ClCompile Include="$(MSBuildThisFileDirectory)..\source\Application\GLRender.cpp">
      <Filter>Render</Filter>
    </ClCompile>
    <ClCompile Include="$(MSBuildThisFileDirectory)..\source\Application\RenderContext.cpp">
      <Filter>Render</Filter>
    </ClCompile>
    <ClCompile Include="$(MSBuildThisFileDirectory)..\source\Application\input.cpp">
      <Filter>WindowInput</Filter>
    </ClCompile>
    <ClCompile Include="$(MSBuildThisFileDirectory)..\source\Application\keyboard.cpp">
      <Filter>WindowInput</Filter>
    </ClCompile>
    <ClCompile Include="$(MSBuildThisFileDirectory)..\source\Application\mouse.cpp">
      <Filter>WindowInput</Filter>
    </ClCompile>
    <ClCompile Include="$(MSBuildThisFileDirectory)..\source\Application\window.cpp">
      <Filter>WindowInput</Filter>
    </ClCompile>
    <ClCompile Include="$(MSBuildThisFileDirectory)..\source\Application\WindowInput.cpp">
      <Filter>WindowInput</Filter>
    </ClCompile>
    <ClCompile Include="$(MSBuildThisFileDirectory)..\source\Application\MP3FileLoader.cpp" />
    <ClCompile Include="$(MSBuildThisFileDirectory)..\source\Application\WaveFileLoader.cpp" />
  </ItemGroup>
  <ItemGroup>
    <ClInclude Include="$(MSBuildThisFileDirectory)..\source\Application\MainWindow.h" />
  </ItemGroup>
</Project>