<?xml version="1.0" encoding="utf-8"?>
<Project ToolsVersion="4.0" xmlns="http://schemas.microsoft.com/developer/msbuild/2003">
  <ItemGroup>
    <ClCompile Include="$(MSBuildThisFileDirectory)..\source\Sound\WaveFileLoader.cpp" />
    <ClCompile Include="D:\Documents\Visual Studio 2017\Projects\project12\project12\..\thirdparty\include\minimp3\minimp3.c">
      <Filter>minimp3</Filter>
    </ClCompile>
    <ClInclude Include="D:\Documents\Visual Studio 2017\Projects\project12\project12\..\thirdparty\include\minimp3\libc.h">
      <Filter>minimp3</Filter>
    </ClInclude>
    <ClInclude Include="D:\Documents\Visual Studio 2017\Projects\project12\project12\..\thirdparty\include\minimp3\minimp3.h">
      <Filter>minimp3</Filter>
    </ClInclude>
    <ClCompile Include="D:\Documents\Visual Studio 2017\Projects\project12\project12\..\thirdparty\src\frame.cpp">
      <Filter>id3v2lib</Filter>
    </ClCompile>
    <ClCompile Include="D:\Documents\Visual Studio 2017\Projects\project12\project12\..\thirdparty\src\header.cpp">
      <Filter>id3v2lib</Filter>
    </ClCompile>
    <ClCompile Include="D:\Documents\Visual Studio 2017\Projects\project12\project12\..\thirdparty\src\id3v2lib.cpp">
      <Filter>id3v2lib</Filter>
    </ClCompile>
    <ClCompile Include="D:\Documents\Visual Studio 2017\Projects\project12\project12\..\thirdparty\src\types.cpp">
      <Filter>id3v2lib</Filter>
    </ClCompile>
    <ClCompile Include="D:\Documents\Visual Studio 2017\Projects\project12\project12\..\thirdparty\src\util.cpp">
      <Filter>id3v2lib</Filter>
    </ClCompile>
  </ItemGroup>
  <ItemGroup>
    <ClInclude Include="$(MSBuildThisFileDirectory)..\source\Sound\sound.h" />
    <ClInclude Include="$(MSBuildThisFileDirectory)..\source\Sound\SoundSource.h" />
    <ClInclude Include="$(MSBuildThisFileDirectory)..\source\Sound\WaveFileLoader.h" />
  </ItemGroup>
  <ItemGroup>
    <Filter Include="minimp3">
      <UniqueIdentifier>{4714e3a2-0f57-491c-b44e-03b70df448d4}</UniqueIdentifier>
    </Filter>
    <Filter Include="id3v2lib">
      <UniqueIdentifier>{c9e1d953-ab27-49e0-8019-1140e3ed7d90}</UniqueIdentifier>
    </Filter>
  </ItemGroup>
</Project>